
Microsoft Visual Studio Solution File, Format Version 12.00
# Visual Studio Version 17
VisualStudioVersion = 17.3.32811.315
MinimumVisualStudioVersion = 10.0.40219.1
Project("{8BC9CEB8-8B4A-11D0-8D11-00A0C91BC942}") = "OptimizedCopy", "OptimizedCopy\OptimizedCopy.vcxproj", "{8B5B94BA-4241-4AE3-BED3-D1B1DFBF8D38}"
EndProject
Project("{8BC9CEB8-8B4A-11D0-8D11-00A0C91BC942}") = "OptimizedCopy-Test", "OptimizedCopy-Test\OptimizedCopy-Test.vcxproj", "{495637B5-F6AC-4981-875A-EE96CCB6A382}"
EndProject
Global
	GlobalSection(SolutionConfigurationPlatforms) = preSolution
		Debug|x64 = Debug|x64
		Debug|x86 = Debug|x86
		Release|x64 = Release|x64
		Release|x86 = Release|x86
	EndGlobalSection
	GlobalSection(ProjectConfigurationPlatforms) = postSolution
		{8B5B94BA-4241-4AE3-BED3-D1B1DFBF8D38}.Debug|x64.ActiveCfg = Debug|x64
		{8B5B94BA-4241-4AE3-BED3-D1B1DFBF8D38}.Debug|x64.Build.0 = Debug|x64
		{8B5B94BA-4241-4AE3-BED3-D1B1DFBF8D38}.Debug|x86.ActiveCfg = Debug|Win32
		{8B5B94BA-4241-4AE3-BED3-D1B1DFBF8D38}.Debug|x86.Build.0 = Debug|Win32
		{8B5B94BA-4241-4AE3-BED3-D1B1DFBF8D38}.Release|x64.ActiveCfg = Release|x64
		{8B5B94BA-4241-4AE3-BED3-D1B1DFBF8D38}.Release|x64.Build.0 = Release|x64
		{8B5B94BA-4241-4AE3-BED3-D1B1DFBF8D38}.Release|x86.ActiveCfg = Release|Win32
		{8B5B94BA-4241-4AE3-BED3-D1B1DFBF8D38}.Release|x86.Build.0 = Release|Win32
		{495637B5-F6AC-4981-875A-EE96CCB6A382}.Debug|x64.ActiveCfg = Debug|x64
		{495637B5-F6AC-4981-875A-EE96CCB6A382}.Debug|x64.Build.0 = Debug|x64
		{495637B5-F6AC-4981-875A-EE96CCB6A382}.Debug|x86.ActiveCfg = Debug|Win32
		{495637B5-F6AC-4981-875A-EE96CCB6A382}.Debug|x86.Build.0 = Debug|Win32
		{495637B5-F6AC-4981-875A-EE96CCB6A382}.Release|x64.ActiveCfg = Release|x64
		{495637B5-F6AC-4981-875A-EE96CCB6A382}.Release|x64.Build.0 = Release|x64
		{495637B5-F6AC-4981-875A-EE96CCB6A382}.Release|x86.ActiveCfg = Release|Win32
		{495637B5-F6AC-4981-875A-EE96CCB6A382}.Release|x86.Build.0 = Release|Win32
	EndGlobalSection
	GlobalSection(SolutionProperties) = preSolution
		HideSolutionNode = FALSE
	EndGlobalSection
	GlobalSection(ExtensibilityGlobals) = postSolution
		SolutionGuid = {A62834AE-BB27-492C-975D-38741515E475}
	EndGlobalSection
EndGlobal
